{
  "lockfileVersion": 1,
  "configVersion": 1,
  "workspaces": {
    "": {
      "dependencies": {
        "effect": "^4.0.0-rc.113",
      },
    },
  },
  "packages": {
    "effect": ["effect@4.0.0-rc.113", "", {}, "sha512-uZ4Bh7KSlw2sdVdNDHPLSNjLGH+MWap7cheIHZoB/1T/ZJ3pvI4KiN3kUp50MpFKXhygOMmReJJOwWMQPwpPAg=="],
  }
}
